// !$*UTF8*$!
{
	archiveVersion = 1;
	classes = {
	};
	objectVersion = 46;
	objects = {

/* Begin PBXBuildFile section */
		9E1D3E0F1BDA742D00BB4AF2 /* RNWechatAPIManager.h in CopyFiles */ = {isa = PBXBuildFile; fileRef = 9E1D3E0E1BDA742D00BB4AF2 /* RNWechatAPIManager.h */; };
		9E1D3E111BDA742D00BB4AF2 /* RNWechatAPIManager.m in Sources */ = {isa = PBXBuildFile; fileRef = 9E1D3E101BDA742D00BB4AF2 /* RNWechatAPIManager.m */; };
		9E1D3E221BDA74B700BB4AF2 /* libWeChatSDK.a in Frameworks */ = {isa = PBXBuildFile; fileRef = 9E1D3E1E1BDA74B700BB4AF2 /* libWeChatSDK.a */; };
		9E2A0FC21BDB7E480038920E /* WXApiManager.m in Sources */ = {isa = PBXBuildFile; fileRef = 9E2A0FBD1BDB7E480038920E /* WXApiManager.m */; };
		9E2A0FC31BDB7E480038920E /* WXApiRequestHandler.m in Sources */ = {isa = PBXBuildFile; fileRef = 9E2A0FBF1BDB7E480038920E /* WXApiRequestHandler.m */; };
		9E2A0FC41BDB7E480038920E /* WXApiResponseHandler.m in Sources */ = {isa = PBXBuildFile; fileRef = 9E2A0FC11BDB7E480038920E /* WXApiResponseHandler.m */; };
		9E2A0FCB1BDB80890038920E /* GetMessageFromWXResp+responseWithTextOrMediaMessage.m in Sources */ = {isa = PBXBuildFile; fileRef = 9E2A0FC61BDB80890038920E /* GetMessageFromWXResp+responseWithTextOrMediaMessage.m */; };
		9E2A0FCC1BDB80890038920E /* SendMessageToWXReq+requestWithTextOrMediaMessage.m in Sources */ = {isa = PBXBuildFile; fileRef = 9E2A0FC81BDB80890038920E /* SendMessageToWXReq+requestWithTextOrMediaMessage.m */; };
		9E2A0FCD1BDB80890038920E /* WXMediaMessage+messageConstruct.m in Sources */ = {isa = PBXBuildFile; fileRef = 9E2A0FCA1BDB80890038920E /* WXMediaMessage+messageConstruct.m */; };
/* End PBXBuildFile section */

/* Begin PBXCopyFilesBuildPhase section */
		9E1D3E091BDA742C00BB4AF2 /* CopyFiles */ = {
			isa = PBXCopyFilesBuildPhase;
			buildActionMask = 2147483647;
			dstPath = "include/$(PRODUCT_NAME)";
			dstSubfolderSpec = 16;
			files = (
				9E1D3E0F1BDA742D00BB4AF2 /* RNWechatAPIManager.h in CopyFiles */,
			);
			runOnlyForDeploymentPostprocessing = 0;
		};
/* End PBXCopyFilesBuildPhase section */

/* Begin PBXFileReference section */
		9E1D3E0B1BDA742C00BB4AF2 /* libRNWechatAPI.a */ = {isa = PBXFileReference; explicitFileType = archive.ar; includeInIndex = 0; path = libRNWechatAPI.a; sourceTree = BUILT_PRODUCTS_DIR; };
		9E1D3E0E1BDA742D00BB4AF2 /* RNWechatAPIManager.h */ = {isa = PBXFileReference; lastKnownFileType = sourcecode.c.h; path = RNWechatAPIManager.h; sourceTree = "<group>"; };
		9E1D3E101BDA742D00BB4AF2 /* RNWechatAPIManager.m */ = {isa = PBXFileReference; lastKnownFileType = sourcecode.c.objc; path = RNWechatAPIManager.m; sourceTree = "<group>"; };
		9E1D3E1E1BDA74B700BB4AF2 /* libWeChatSDK.a */ = {isa = PBXFileReference; lastKnownFileType = archive.ar; path = libWeChatSDK.a; sourceTree = "<group>"; };
		9E1D3E1F1BDA74B700BB4AF2 /* read_me.txt */ = {isa = PBXFileReference; fileEncoding = 4; lastKnownFileType = text; path = read_me.txt; sourceTree = "<group>"; };
		9E1D3E201BDA74B700BB4AF2 /* WXApi.h */ = {isa = PBXFileReference; fileEncoding = 4; lastKnownFileType = sourcecode.c.h; path = WXApi.h; sourceTree = "<group>"; };
		9E1D3E211BDA74B700BB4AF2 /* WXApiObject.h */ = {isa = PBXFileReference; fileEncoding = 4; lastKnownFileType = sourcecode.c.h; path = WXApiObject.h; sourceTree = "<group>"; };
		9E2A0FBC1BDB7E480038920E /* WXApiManager.h */ = {isa = PBXFileReference; fileEncoding = 4; lastKnownFileType = sourcecode.c.h; path = WXApiManager.h; sourceTree = "<group>"; };
		9E2A0FBD1BDB7E480038920E /* WXApiManager.m */ = {isa = PBXFileReference; fileEncoding = 4; lastKnownFileType = sourcecode.c.objc; path = WXApiManager.m; sourceTree = "<group>"; };
		9E2A0FBE1BDB7E480038920E /* WXApiRequestHandler.h */ = {isa = PBXFileReference; fileEncoding = 4; lastKnownFileType = sourcecode.c.h; path = WXApiRequestHandler.h; sourceTree = "<group>"; };
		9E2A0FBF1BDB7E480038920E /* WXApiRequestHandler.m */ = {isa = PBXFileReference; fileEncoding = 4; lastKnownFileType = sourcecode.c.objc; path = WXApiRequestHandler.m; sourceTree = "<group>"; };
		9E2A0FC01BDB7E480038920E /* WXApiResponseHandler.h */ = {isa = PBXFileReference; fileEncoding = 4; lastKnownFileType = sourcecode.c.h; path = WXApiResponseHandler.h; sourceTree = "<group>"; };
		9E2A0FC11BDB7E480038920E /* WXApiResponseHandler.m */ = {isa = PBXFileReference; fileEncoding = 4; lastKnownFileType = sourcecode.c.objc; path = WXApiResponseHandler.m; sourceTree = "<group>"; };
		9E2A0FC51BDB80890038920E /* GetMessageFromWXResp+responseWithTextOrMediaMessage.h */ = {isa = PBXFileReference; fileEncoding = 4; lastKnownFileType = sourcecode.c.h; path = "GetMessageFromWXResp+responseWithTextOrMediaMessage.h"; sourceTree = "<group>"; };
		9E2A0FC61BDB80890038920E /* GetMessageFromWXResp+responseWithTextOrMediaMessage.m */ = {isa = PBXFileReference; fileEncoding = 4; lastKnownFileType = sourcecode.c.objc; path = "GetMessageFromWXResp+responseWithTextOrMediaMessage.m"; sourceTree = "<group>"; };
		9E2A0FC71BDB80890038920E /* SendMessageToWXReq+requestWithTextOrMediaMessage.h */ = {isa = PBXFileReference; fileEncoding = 4; lastKnownFileType = sourcecode.c.h; path = "SendMessageToWXReq+requestWithTextOrMediaMessage.h"; sourceTree = "<group>"; };
		9E2A0FC81BDB80890038920E /* SendMessageToWXReq+requestWithTextOrMediaMessage.m */ = {isa = PBXFileReference; fileEncoding = 4; lastKnownFileType = sourcecode.c.objc; path = "SendMessageToWXReq+requestWithTextOrMediaMessage.m"; sourceTree = "<group>"; };
		9E2A0FC91BDB80890038920E /* WXMediaMessage+messageConstruct.h */ = {isa = PBXFileReference; fileEncoding = 4; lastKnownFileType = sourcecode.c.h; path = "WXMediaMessage+messageConstruct.h"; sourceTree = "<group>"; };
		9E2A0FCA1BDB80890038920E /* WXMediaMessage+messageConstruct.m */ = {isa = PBXFileReference; fileEncoding = 4; lastKnownFileType = sourcecode.c.objc; path = "WXMediaMessage+messageConstruct.m"; sourceTree = "<group>"; };
/* End PBXFileReference section */

/* Begin PBXFrameworksBuildPhase section */
		9E1D3E081BDA742C00BB4AF2 /* Frameworks */ = {
			isa = PBXFrameworksBuildPhase;
			buildActionMask = 2147483647;
			files = (
				9E1D3E221BDA74B700BB4AF2 /* libWeChatSDK.a in Frameworks */,
			);
			runOnlyForDeploymentPostprocessing = 0;
		};
/* End PBXFrameworksBuildPhase section */

/* Begin PBXGroup section */
		9E1D3E021BDA742C00BB4AF2 = {
			isa = PBXGroup;
			children = (
				9E1D3E1D1BDA74B700BB4AF2 /* SDKExport */,
				9E1D3E0D1BDA742D00BB4AF2 /* RNWechatAPI */,
				9E1D3E0C1BDA742C00BB4AF2 /* Products */,
			);
			sourceTree = "<group>";
		};
		9E1D3E0C1BDA742C00BB4AF2 /* Products */ = {
			isa = PBXGroup;
			children = (
				9E1D3E0B1BDA742C00BB4AF2 /* libRNWechatAPI.a */,
			);
			name = Products;
			sourceTree = "<group>";
		};
		9E1D3E0D1BDA742D00BB4AF2 /* RNWechatAPI */ = {
			isa = PBXGroup;
			children = (
				9E2A0FCE1BDB813B0038920E /* Utils */,
				9E2A0FBC1BDB7E480038920E /* WXApiManager.h */,
				9E2A0FBD1BDB7E480038920E /* WXApiManager.m */,
				9E2A0FBE1BDB7E480038920E /* WXApiRequestHandler.h */,
				9E2A0FBF1BDB7E480038920E /* WXApiRequestHandler.m */,
				9E2A0FC01BDB7E480038920E /* WXApiResponseHandler.h */,
				9E2A0FC11BDB7E480038920E /* WXApiResponseHandler.m */,
				9E1D3E0E1BDA742D00BB4AF2 /* RNWechatAPIManager.h */,
				9E1D3E101BDA742D00BB4AF2 /* RNWechatAPIManager.m */,
			);
			path = RNWechatAPI;
			sourceTree = "<group>";
		};
		9E1D3E1D1BDA74B700BB4AF2 /* SDKExport */ = {
			isa = PBXGroup;
			children = (
				9E1D3E1E1BDA74B700BB4AF2 /* libWeChatSDK.a */,
				9E1D3E1F1BDA74B700BB4AF2 /* read_me.txt */,
				9E1D3E201BDA74B700BB4AF2 /* WXApi.h */,
				9E1D3E211BDA74B700BB4AF2 /* WXApiObject.h */,
			);
			path = SDKExport;
			sourceTree = "<group>";
		};
		9E2A0FCE1BDB813B0038920E /* Utils */ = {
			isa = PBXGroup;
			children = (
				9E2A0FC51BDB80890038920E /* GetMessageFromWXResp+responseWithTextOrMediaMessage.h */,
				9E2A0FC61BDB80890038920E /* GetMessageFromWXResp+responseWithTextOrMediaMessage.m */,
				9E2A0FC71BDB80890038920E /* SendMessageToWXReq+requestWithTextOrMediaMessage.h */,
				9E2A0FC81BDB80890038920E /* SendMessageToWXReq+requestWithTextOrMediaMessage.m */,
				9E2A0FC91BDB80890038920E /* WXMediaMessage+messageConstruct.h */,
				9E2A0FCA1BDB80890038920E /* WXMediaMessage+messageConstruct.m */,
			);
			name = Utils;
			sourceTree = "<group>";
		};
/* End PBXGroup section */

/* Begin PBXNativeTarget section */
		9E1D3E0A1BDA742C00BB4AF2 /* RNWechatAPI */ = {
			isa = PBXNativeTarget;
			buildConfigurationList = 9E1D3E141BDA742D00BB4AF2 /* Build configuration list for PBXNativeTarget "RNWechatAPI" */;
			buildPhases = (
				9E1D3E071BDA742C00BB4AF2 /* Sources */,
				9E1D3E081BDA742C00BB4AF2 /* Frameworks */,
				9E1D3E091BDA742C00BB4AF2 /* CopyFiles */,
			);
			buildRules = (
			);
			dependencies = (
			);
			name = RNWechatAPI;
			productName = RNWechatAPI;
			productReference = 9E1D3E0B1BDA742C00BB4AF2 /* libRNWechatAPI.a */;
			productType = "com.apple.product-type.library.static";
		};
/* End PBXNativeTarget section */

/* Begin PBXProject section */
		9E1D3E031BDA742C00BB4AF2 /* Project object */ = {
			isa = PBXProject;
			attributes = {
				LastUpgradeCheck = 0700;
				ORGANIZATIONNAME = soliury;
				TargetAttributes = {
					9E1D3E0A1BDA742C00BB4AF2 = {
						CreatedOnToolsVersion = 7.0.1;
					};
				};
			};
			buildConfigurationList = 9E1D3E061BDA742C00BB4AF2 /* Build configuration list for PBXProject "RNWechatAPI" */;
			compatibilityVersion = "Xcode 3.2";
			developmentRegion = English;
			hasScannedForEncodings = 0;
			knownRegions = (
				en,
			);
			mainGroup = 9E1D3E021BDA742C00BB4AF2;
			productRefGroup = 9E1D3E0C1BDA742C00BB4AF2 /* Products */;
			projectDirPath = "";
			projectRoot = "";
			targets = (
				9E1D3E0A1BDA742C00BB4AF2 /* RNWechatAPI */,
			);
		};
/* End PBXProject section */

/* Begin PBXSourcesBuildPhase section */
		9E1D3E071BDA742C00BB4AF2 /* Sources */ = {
			isa = PBXSourcesBuildPhase;
			buildActionMask = 2147483647;
			files = (
				9E1D3E111BDA742D00BB4AF2 /* RNWechatAPIManager.m in Sources */,
				9E2A0FC31BDB7E480038920E /* WXApiRequestHandler.m in Sources */,
				9E2A0FC21BDB7E480038920E /* WXApiManager.m in Sources */,
				9E2A0FCC1BDB80890038920E /* SendMessageToWXReq+requestWithTextOrMediaMessage.m in Sources */,
				9E2A0FC41BDB7E480038920E /* WXApiResponseHandler.m in Sources */,
				9E2A0FCD1BDB80890038920E /* WXMediaMessage+messageConstruct.m in Sources */,
				9E2A0FCB1BDB80890038920E /* GetMessageFromWXResp+responseWithTextOrMediaMessage.m in Sources */,
			);
			runOnlyForDeploymentPostprocessing = 0;
		};
/* End PBXSourcesBuildPhase section */

/* Begin XCBuildConfiguration section */
		9E1D3E121BDA742D00BB4AF2 /* Debug */ = {
			isa = XCBuildConfiguration;
			buildSettings = {
				ALWAYS_SEARCH_USER_PATHS = NO;
				CLANG_CXX_LANGUAGE_STANDARD = "gnu++0x";
				CLANG_CXX_LIBRARY = "libc++";
				CLANG_ENABLE_MODULES = YES;
				CLANG_ENABLE_OBJC_ARC = YES;
				CLANG_WARN_BOOL_CONVERSION = YES;
				CLANG_WARN_CONSTANT_CONVERSION = YES;
				CLANG_WARN_DIRECT_OBJC_ISA_USAGE = YES_ERROR;
				CLANG_WARN_EMPTY_BODY = YES;
				CLANG_WARN_ENUM_CONVERSION = YES;
				CLANG_WARN_INT_CONVERSION = YES;
				CLANG_WARN_OBJC_ROOT_CLASS = YES_ERROR;
				CLANG_WARN_UNREACHABLE_CODE = YES;
				CLANG_WARN__DUPLICATE_METHOD_MATCH = YES;
				COPY_PHASE_STRIP = NO;
				DEBUG_INFORMATION_FORMAT = dwarf;
				ENABLE_STRICT_OBJC_MSGSEND = YES;
				ENABLE_TESTABILITY = YES;
				GCC_C_LANGUAGE_STANDARD = gnu99;
				GCC_DYNAMIC_NO_PIC = NO;
				GCC_NO_COMMON_BLOCKS = YES;
				GCC_OPTIMIZATION_LEVEL = 0;
				GCC_PREPROCESSOR_DEFINITIONS = (
					"DEBUG=1",
					"$(inherited)",
				);
				GCC_WARN_64_TO_32_BIT_CONVERSION = YES;
				GCC_WARN_ABOUT_RETURN_TYPE = YES_ERROR;
				GCC_WARN_UNDECLARED_SELECTOR = YES;
				GCC_WARN_UNINITIALIZED_AUTOS = YES_AGGRESSIVE;
				GCC_WARN_UNUSED_FUNCTION = YES;
				GCC_WARN_UNUSED_VARIABLE = YES;
				IPHONEOS_DEPLOYMENT_TARGET = 9.0;
				MTL_ENABLE_DEBUG_INFO = YES;
				ONLY_ACTIVE_ARCH = YES;
				SDKROOT = iphoneos;
			};
			name = Debug;
		};
		9E1D3E131BDA742D00BB4AF2 /* Release */ = {
			isa = XCBuildConfiguration;
			buildSettings = {
				ALWAYS_SEARCH_USER_PATHS = NO;
				CLANG_CXX_LANGUAGE_STANDARD = "gnu++0x";
				CLANG_CXX_LIBRARY = "libc++";
				CLANG_ENABLE_MODULES = YES;
				CLANG_ENABLE_OBJC_ARC = YES;
				CLANG_WARN_BOOL_CONVERSION = YES;
				CLANG_WARN_CONSTANT_CONVERSION = YES;
				CLANG_WARN_DIRECT_OBJC_ISA_USAGE = YES_ERROR;
				CLANG_WARN_EMPTY_BODY = YES;
				CLANG_WARN_ENUM_CONVERSION = YES;
				CLANG_WARN_INT_CONVERSION = YES;
				CLANG_WARN_OBJC_ROOT_CLASS = YES_ERROR;
				CLANG_WARN_UNREACHABLE_CODE = YES;
				CLANG_WARN__DUPLICATE_METHOD_MATCH = YES;
				COPY_PHASE_STRIP = NO;
				DEBUG_INFORMATION_FORMAT = "dwarf-with-dsym";
				ENABLE_NS_ASSERTIONS = NO;
				ENABLE_STRICT_OBJC_MSGSEND = YES;
				GCC_C_LANGUAGE_STANDARD = gnu99;
				GCC_NO_COMMON_BLOCKS = YES;
				GCC_WARN_64_TO_32_BIT_CONVERSION = YES;
				GCC_WARN_ABOUT_RETURN_TYPE = YES_ERROR;
				GCC_WARN_UNDECLARED_SELECTOR = YES;
				GCC_WARN_UNINITIALIZED_AUTOS = YES_AGGRESSIVE;
				GCC_WARN_UNUSED_FUNCTION = YES;
				GCC_WARN_UNUSED_VARIABLE = YES;
				IPHONEOS_DEPLOYMENT_TARGET = 9.0;
				MTL_ENABLE_DEBUG_INFO = NO;
				SDKROOT = iphoneos;
				VALIDATE_PRODUCT = YES;
			};
			name = Release;
		};
		9E1D3E151BDA742D00BB4AF2 /* Debug */ = {
			isa = XCBuildConfiguration;
			buildSettings = {
				LIBRARY_SEARCH_PATHS = (
					"$(inherited)",
					"$(PROJECT_DIR)/SDKExport",
					"$(SRCROOT)/../../../React/**",
					"$(SRCROOT)/../../react-native/React",
				);
				OTHER_LDFLAGS = "-ObjC";
				PRODUCT_NAME = "$(TARGET_NAME)";
				SKIP_INSTALL = YES;
				USER_HEADER_SEARCH_PATHS = "$(SRCROOT)/../../react-native/React/**";
			};
			name = Debug;
		};
		9E1D3E161BDA742D00BB4AF2 /* Release */ = {
			isa = XCBuildConfiguration;
			buildSettings = {
				LIBRARY_SEARCH_PATHS = (
					"$(inherited)",
					"$(PROJECT_DIR)/SDKExport",
					"$(SRCROOT)/../../../React/**",
					"$(SRCROOT)/../../react-native/React",
				);
				OTHER_LDFLAGS = "-ObjC";
				PRODUCT_NAME = "$(TARGET_NAME)";
				SKIP_INSTALL = YES;
				USER_HEADER_SEARCH_PATHS = "$(SRCROOT)/../../react-native/React/**";
			};
			name = Release;
		};
/* End XCBuildConfiguration section */

/* Begin XCConfigurationList section */
		9E1D3E061BDA742C00BB4AF2 /* Build configuration list for PBXProject "RNWechatAPI" */ = {
			isa = XCConfigurationList;
			buildConfigurations = (
				9E1D3E121BDA742D00BB4AF2 /* Debug */,
				9E1D3E131BDA742D00BB4AF2 /* Release */,
			);
			defaultConfigurationIsVisible = 0;
			defaultConfigurationName = Release;
		};
		9E1D3E141BDA742D00BB4AF2 /* Build configuration list for PBXNativeTarget "RNWechatAPI" */ = {
			isa = XCConfigurationList;
			buildConfigurations = (
				9E1D3E151BDA742D00BB4AF2 /* Debug */,
				9E1D3E161BDA742D00BB4AF2 /* Release */,
			);
			defaultConfigurationIsVisible = 0;
			defaultConfigurationName = Release;
		};
/* End XCConfigurationList section */
	};
	rootObject = 9E1D3E031BDA742C00BB4AF2 /* Project object */;
}
